// !$*UTF8*$!
{
	archiveVersion = 1;
	classes = {
	};
	objectVersion = 50;
	objects = {

/* Begin PBXBuildFile section */
		127E8882243D98D200C7395C /* Assignment.swift in Sources */ = {isa = PBXBuildFile; fileRef = 127E887F243D98D200C7395C /* Assignment.swift */; };
		127E8883243D98D200C7395C /* Assignment.swift in Sources */ = {isa = PBXBuildFile; fileRef = 127E887F243D98D200C7395C /* Assignment.swift */; };
		127E8884243D98D200C7395C /* Assignment.swift in Sources */ = {isa = PBXBuildFile; fileRef = 127E887F243D98D200C7395C /* Assignment.swift */; };
		127E8885243D98D200C7395C /* Course.swift in Sources */ = {isa = PBXBuildFile; fileRef = 127E8880243D98D200C7395C /* Course.swift */; };
		127E8886243D98D200C7395C /* Course.swift in Sources */ = {isa = PBXBuildFile; fileRef = 127E8880243D98D200C7395C /* Course.swift */; };
		127E8887243D98D200C7395C /* Course.swift in Sources */ = {isa = PBXBuildFile; fileRef = 127E8880243D98D200C7395C /* Course.swift */; };
		127E8888243D98D200C7395C /* Constants.swift in Sources */ = {isa = PBXBuildFile; fileRef = 127E8881243D98D200C7395C /* Constants.swift */; };
		127E8889243D98D200C7395C /* Constants.swift in Sources */ = {isa = PBXBuildFile; fileRef = 127E8881243D98D200C7395C /* Constants.swift */; };
		127E888A243D98D200C7395C /* Constants.swift in Sources */ = {isa = PBXBuildFile; fileRef = 127E8881243D98D200C7395C /* Constants.swift */; };
		127E888D243D98F000C7395C /* Request.swift in Sources */ = {isa = PBXBuildFile; fileRef = 127E888C243D98F000C7395C /* Request.swift */; };
		127E888E243D98F000C7395C /* Request.swift in Sources */ = {isa = PBXBuildFile; fileRef = 127E888C243D98F000C7395C /* Request.swift */; };
		127E888F243D98F000C7395C /* Request.swift in Sources */ = {isa = PBXBuildFile; fileRef = 127E888C243D98F000C7395C /* Request.swift */; };
		127E8893243DAA1500C7395C /* GetCoursesIntentHandler.swift in Sources */ = {isa = PBXBuildFile; fileRef = 127E8892243DAA1500C7395C /* GetCoursesIntentHandler.swift */; };
		127E8894243DAA1500C7395C /* GetCoursesIntentHandler.swift in Sources */ = {isa = PBXBuildFile; fileRef = 127E8892243DAA1500C7395C /* GetCoursesIntentHandler.swift */; };
		127E8895243DAA1500C7395C /* GetCoursesIntentHandler.swift in Sources */ = {isa = PBXBuildFile; fileRef = 127E8892243DAA1500C7395C /* GetCoursesIntentHandler.swift */; };
		127E8897243DAA2400C7395C /* GetAssignmentsIntentHandler.swift in Sources */ = {isa = PBXBuildFile; fileRef = 127E8896243DAA2400C7395C /* GetAssignmentsIntentHandler.swift */; };
		127E8898243DAA2400C7395C /* GetAssignmentsIntentHandler.swift in Sources */ = {isa = PBXBuildFile; fileRef = 127E8896243DAA2400C7395C /* GetAssignmentsIntentHandler.swift */; };
		127E8899243DAA2400C7395C /* GetAssignmentsIntentHandler.swift in Sources */ = {isa = PBXBuildFile; fileRef = 127E8896243DAA2400C7395C /* GetAssignmentsIntentHandler.swift */; };
		127E889B243DB0DB00C7395C /* GetGradeIntentHandler.swift in Sources */ = {isa = PBXBuildFile; fileRef = 127E889A243DB0DB00C7395C /* GetGradeIntentHandler.swift */; };
		127E889C243DB0DB00C7395C /* GetGradeIntentHandler.swift in Sources */ = {isa = PBXBuildFile; fileRef = 127E889A243DB0DB00C7395C /* GetGradeIntentHandler.swift */; };
		127E889D243DB0DB00C7395C /* GetGradeIntentHandler.swift in Sources */ = {isa = PBXBuildFile; fileRef = 127E889A243DB0DB00C7395C /* GetGradeIntentHandler.swift */; };
		127E889F243DB25600C7395C /* Grade.swift in Sources */ = {isa = PBXBuildFile; fileRef = 127E889E243DB25600C7395C /* Grade.swift */; };
		127E88A0243DB25600C7395C /* Grade.swift in Sources */ = {isa = PBXBuildFile; fileRef = 127E889E243DB25600C7395C /* Grade.swift */; };
		127E88A1243DB25600C7395C /* Grade.swift in Sources */ = {isa = PBXBuildFile; fileRef = 127E889E243DB25600C7395C /* Grade.swift */; };
		127E88A4243E452B00C7395C /* Error.swift in Sources */ = {isa = PBXBuildFile; fileRef = 127E88A3243E452B00C7395C /* Error.swift */; };
		127E88A5243E452B00C7395C /* Error.swift in Sources */ = {isa = PBXBuildFile; fileRef = 127E88A3243E452B00C7395C /* Error.swift */; };
		127E88A6243E452B00C7395C /* Error.swift in Sources */ = {isa = PBXBuildFile; fileRef = 127E88A3243E452B00C7395C /* Error.swift */; };
		127E88A8243E592900C7395C /* GradeView.swift in Sources */ = {isa = PBXBuildFile; fileRef = 127E88A7243E592900C7395C /* GradeView.swift */; };
		127E88A9243E592900C7395C /* GradeView.swift in Sources */ = {isa = PBXBuildFile; fileRef = 127E88A7243E592900C7395C /* GradeView.swift */; };
		127E88AA243E592900C7395C /* GradeView.swift in Sources */ = {isa = PBXBuildFile; fileRef = 127E88A7243E592900C7395C /* GradeView.swift */; };
		127E88AC243E5E9A00C7395C /* AssignmentsView.swift in Sources */ = {isa = PBXBuildFile; fileRef = 127E88AB243E5E9A00C7395C /* AssignmentsView.swift */; };
		127E88AD243E5E9A00C7395C /* AssignmentsView.swift in Sources */ = {isa = PBXBuildFile; fileRef = 127E88AB243E5E9A00C7395C /* AssignmentsView.swift */; };
		127E88AE243E5E9A00C7395C /* AssignmentsView.swift in Sources */ = {isa = PBXBuildFile; fileRef = 127E88AB243E5E9A00C7395C /* AssignmentsView.swift */; };
		127E88B0243E648C00C7395C /* AssignmentView.swift in Sources */ = {isa = PBXBuildFile; fileRef = 127E88AF243E648C00C7395C /* AssignmentView.swift */; };
		127E88B1243E648C00C7395C /* AssignmentView.swift in Sources */ = {isa = PBXBuildFile; fileRef = 127E88AF243E648C00C7395C /* AssignmentView.swift */; };
		127E88B2243E648C00C7395C /* AssignmentView.swift in Sources */ = {isa = PBXBuildFile; fileRef = 127E88AF243E648C00C7395C /* AssignmentView.swift */; };
		127E88B4243E674000C7395C /* TableData.swift in Sources */ = {isa = PBXBuildFile; fileRef = 127E88B3243E674000C7395C /* TableData.swift */; };
		127E88B5243E674000C7395C /* TableData.swift in Sources */ = {isa = PBXBuildFile; fileRef = 127E88B3243E674000C7395C /* TableData.swift */; };
		127E88B6243E674000C7395C /* TableData.swift in Sources */ = {isa = PBXBuildFile; fileRef = 127E88B3243E674000C7395C /* TableData.swift */; };
		127E88B8243E853700C7395C /* AssignmentTable.swift in Sources */ = {isa = PBXBuildFile; fileRef = 127E88B7243E853600C7395C /* AssignmentTable.swift */; };
		127E88B9243E853700C7395C /* AssignmentTable.swift in Sources */ = {isa = PBXBuildFile; fileRef = 127E88B7243E853600C7395C /* AssignmentTable.swift */; };
		127E88BA243E853700C7395C /* AssignmentTable.swift in Sources */ = {isa = PBXBuildFile; fileRef = 127E88B7243E853600C7395C /* AssignmentTable.swift */; };
		12C691BE243C0D2E006B7111 /* AppDelegate.swift in Sources */ = {isa = PBXBuildFile; fileRef = 12C691BD243C0D2E006B7111 /* AppDelegate.swift */; };
		12C691C0243C0D2E006B7111 /* SceneDelegate.swift in Sources */ = {isa = PBXBuildFile; fileRef = 12C691BF243C0D2E006B7111 /* SceneDelegate.swift */; };
		12C691C2243C0D2E006B7111 /* ViewController.swift in Sources */ = {isa = PBXBuildFile; fileRef = 12C691C1243C0D2E006B7111 /* ViewController.swift */; };
		12C691C5243C0D2E006B7111 /* Main.storyboard in Resources */ = {isa = PBXBuildFile; fileRef = 12C691C3243C0D2E006B7111 /* Main.storyboard */; };
		12C691C7243C0D34006B7111 /* Assets.xcassets in Resources */ = {isa = PBXBuildFile; fileRef = 12C691C6243C0D34006B7111 /* Assets.xcassets */; };
		12C691CA243C0D34006B7111 /* LaunchScreen.storyboard in Resources */ = {isa = PBXBuildFile; fileRef = 12C691C8243C0D34006B7111 /* LaunchScreen.storyboard */; };
		12C691D9243C0DA3006B7111 /* IntentHandler.swift in Sources */ = {isa = PBXBuildFile; fileRef = 12C691D8243C0DA3006B7111 /* IntentHandler.swift */; };
		12C691E2243C0DA3006B7111 /* IntentsUI.framework in Frameworks */ = {isa = PBXBuildFile; fileRef = 12C691E1243C0DA3006B7111 /* IntentsUI.framework */; };
		12C691E5243C0DA3006B7111 /* IntentViewController.swift in Sources */ = {isa = PBXBuildFile; fileRef = 12C691E4243C0DA3006B7111 /* IntentViewController.swift */; };
		12C691E8243C0DA3006B7111 /* MainInterface.storyboard in Resources */ = {isa = PBXBuildFile; fileRef = 12C691E6243C0DA3006B7111 /* MainInterface.storyboard */; };
		12C691EC243C0DA3006B7111 /* CanvasShortcutsExtUI.appex in Embed App Extensions */ = {isa = PBXBuildFile; fileRef = 12C691DF243C0DA3006B7111 /* CanvasShortcutsExtUI.appex */; settings = {ATTRIBUTES = (RemoveHeadersOnCopy, ); }; };
		12C691EF243C0DA3006B7111 /* CanvasShortcutsExt.appex in Embed App Extensions */ = {isa = PBXBuildFile; fileRef = 12C691D6243C0DA3006B7111 /* CanvasShortcutsExt.appex */; settings = {ATTRIBUTES = (RemoveHeadersOnCopy, ); }; };
		12C691F8243C0DC4006B7111 /* Intents.intentdefinition in Sources */ = {isa = PBXBuildFile; fileRef = 12C691F7243C0DC4006B7111 /* Intents.intentdefinition */; };
		12C691F9243C0DC4006B7111 /* Intents.intentdefinition in Sources */ = {isa = PBXBuildFile; fileRef = 12C691F7243C0DC4006B7111 /* Intents.intentdefinition */; };
		12C691FA243C0DC4006B7111 /* Intents.intentdefinition in Sources */ = {isa = PBXBuildFile; fileRef = 12C691F7243C0DC4006B7111 /* Intents.intentdefinition */; };
/* End PBXBuildFile section */

/* Begin PBXContainerItemProxy section */
		12C691EA243C0DA3006B7111 /* PBXContainerItemProxy */ = {
			isa = PBXContainerItemProxy;
			containerPortal = 12C691B2243C0D2E006B7111 /* Project object */;
			proxyType = 1;
			remoteGlobalIDString = 12C691DE243C0DA3006B7111;
			remoteInfo = CanvasShortcutsExtUI;
		};
		12C691ED243C0DA3006B7111 /* PBXContainerItemProxy */ = {
			isa = PBXContainerItemProxy;
			containerPortal = 12C691B2243C0D2E006B7111 /* Project object */;
			proxyType = 1;
			remoteGlobalIDString = 12C691D5243C0DA3006B7111;
			remoteInfo = CanvasShortcutsExt;
		};
/* End PBXContainerItemProxy section */

/* Begin PBXCopyFilesBuildPhase section */
		12C691F6243C0DA3006B7111 /* Embed App Extensions */ = {
			isa = PBXCopyFilesBuildPhase;
			buildActionMask = 2147483647;
			dstPath = "";
			dstSubfolderSpec = 13;
			files = (
				12C691EF243C0DA3006B7111 /* CanvasShortcutsExt.appex in Embed App Extensions */,
				12C691EC243C0DA3006B7111 /* CanvasShortcutsExtUI.appex in Embed App Extensions */,
			);
			name = "Embed App Extensions";
			runOnlyForDeploymentPostprocessing = 0;
		};
/* End PBXCopyFilesBuildPhase section */

/* Begin PBXFileReference section */
		127E887F243D98D200C7395C /* Assignment.swift */ = {isa = PBXFileReference; fileEncoding = 4; lastKnownFileType = sourcecode.swift; name = Assignment.swift; path = ../../../../../Desktop/Models/Assignment.swift; sourceTree = "<group>"; };
		127E8880243D98D200C7395C /* Course.swift */ = {isa = PBXFileReference; fileEncoding = 4; lastKnownFileType = sourcecode.swift; name = Course.swift; path = ../../../../../Desktop/Models/Course.swift; sourceTree = "<group>"; };
		127E8881243D98D200C7395C /* Constants.swift */ = {isa = PBXFileReference; fileEncoding = 4; lastKnownFileType = sourcecode.swift; name = Constants.swift; path = ../../../../../Desktop/Models/Constants.swift; sourceTree = "<group>"; };
		127E888C243D98F000C7395C /* Request.swift */ = {isa = PBXFileReference; fileEncoding = 4; lastKnownFileType = sourcecode.swift; name = Request.swift; path = ../../../../../Desktop/Networking/Request.swift; sourceTree = "<group>"; };
		127E8890243D9C0900C7395C /* CanvasShortcutsExt.entitlements */ = {isa = PBXFileReference; lastKnownFileType = text.plist.entitlements; path = CanvasShortcutsExt.entitlements; sourceTree = "<group>"; };
		127E8891243D9C0D00C7395C /* CanvasShortcutsExtUI.entitlements */ = {isa = PBXFileReference; lastKnownFileType = text.plist.entitlements; path = CanvasShortcutsExtUI.entitlements; sourceTree = "<group>"; };
		127E8892243DAA1500C7395C /* GetCoursesIntentHandler.swift */ = {isa = PBXFileReference; lastKnownFileType = sourcecode.swift; path = GetCoursesIntentHandler.swift; sourceTree = "<group>"; };
		127E8896243DAA2400C7395C /* GetAssignmentsIntentHandler.swift */ = {isa = PBXFileReference; lastKnownFileType = sourcecode.swift; path = GetAssignmentsIntentHandler.swift; sourceTree = "<group>"; };
		127E889A243DB0DB00C7395C /* GetGradeIntentHandler.swift */ = {isa = PBXFileReference; lastKnownFileType = sourcecode.swift; path = GetGradeIntentHandler.swift; sourceTree = "<group>"; };
		127E889E243DB25600C7395C /* Grade.swift */ = {isa = PBXFileReference; lastKnownFileType = sourcecode.swift; path = Grade.swift; sourceTree = "<group>"; };
		127E88A3243E452B00C7395C /* Error.swift */ = {isa = PBXFileReference; lastKnownFileType = sourcecode.swift; path = Error.swift; sourceTree = "<group>"; };
		127E88A7243E592900C7395C /* GradeView.swift */ = {isa = PBXFileReference; lastKnownFileType = sourcecode.swift; path = GradeView.swift; sourceTree = "<group>"; };
		127E88AB243E5E9A00C7395C /* AssignmentsView.swift */ = {isa = PBXFileReference; lastKnownFileType = sourcecode.swift; path = AssignmentsView.swift; sourceTree = "<group>"; };
		127E88AF243E648C00C7395C /* AssignmentView.swift */ = {isa = PBXFileReference; lastKnownFileType = sourcecode.swift; path = AssignmentView.swift; sourceTree = "<group>"; };
		127E88B3243E674000C7395C /* TableData.swift */ = {isa = PBXFileReference; lastKnownFileType = sourcecode.swift; path = TableData.swift; sourceTree = "<group>"; };
		127E88B7243E853600C7395C /* AssignmentTable.swift */ = {isa = PBXFileReference; lastKnownFileType = sourcecode.swift; path = AssignmentTable.swift; sourceTree = "<group>"; };
		12C691BA243C0D2E006B7111 /* CanvasShortcuts.app */ = {isa = PBXFileReference; explicitFileType = wrapper.application; includeInIndex = 0; path = CanvasShortcuts.app; sourceTree = BUILT_PRODUCTS_DIR; };
		12C691BD243C0D2E006B7111 /* AppDelegate.swift */ = {isa = PBXFileReference; lastKnownFileType = sourcecode.swift; path = AppDelegate.swift; sourceTree = "<group>"; };
		12C691BF243C0D2E006B7111 /* SceneDelegate.swift */ = {isa = PBXFileReference; lastKnownFileType = sourcecode.swift; path = SceneDelegate.swift; sourceTree = "<group>"; };
		12C691C1243C0D2E006B7111 /* ViewController.swift */ = {isa = PBXFileReference; lastKnownFileType = sourcecode.swift; path = ViewController.swift; sourceTree = "<group>"; };
		12C691C4243C0D2E006B7111 /* Base */ = {isa = PBXFileReference; lastKnownFileType = file.storyboard; name = Base; path = Base.lproj/Main.storyboard; sourceTree = "<group>"; };
		12C691C6243C0D34006B7111 /* Assets.xcassets */ = {isa = PBXFileReference; lastKnownFileType = folder.assetcatalog; path = Assets.xcassets; sourceTree = "<group>"; };
		12C691C9243C0D34006B7111 /* Base */ = {isa = PBXFileReference; lastKnownFileType = file.storyboard; name = Base; path = Base.lproj/LaunchScreen.storyboard; sourceTree = "<group>"; };
		12C691CB243C0D34006B7111 /* Info.plist */ = {isa = PBXFileReference; lastKnownFileType = text.plist.xml; path = Info.plist; sourceTree = "<group>"; };
		12C691D1243C0D4C006B7111 /* CanvasShortcuts.entitlements */ = {isa = PBXFileReference; lastKnownFileType = text.plist.entitlements; path = CanvasShortcuts.entitlements; sourceTree = "<group>"; };
		12C691D6243C0DA3006B7111 /* CanvasShortcutsExt.appex */ = {isa = PBXFileReference; explicitFileType = "wrapper.app-extension"; includeInIndex = 0; path = CanvasShortcutsExt.appex; sourceTree = BUILT_PRODUCTS_DIR; };
		12C691D8243C0DA3006B7111 /* IntentHandler.swift */ = {isa = PBXFileReference; lastKnownFileType = sourcecode.swift; path = IntentHandler.swift; sourceTree = "<group>"; };
		12C691DA243C0DA3006B7111 /* Info.plist */ = {isa = PBXFileReference; lastKnownFileType = text.plist.xml; path = Info.plist; sourceTree = "<group>"; };
		12C691DF243C0DA3006B7111 /* CanvasShortcutsExtUI.appex */ = {isa = PBXFileReference; explicitFileType = "wrapper.app-extension"; includeInIndex = 0; path = CanvasShortcutsExtUI.appex; sourceTree = BUILT_PRODUCTS_DIR; };
		12C691E1243C0DA3006B7111 /* IntentsUI.framework */ = {isa = PBXFileReference; lastKnownFileType = wrapper.framework; name = IntentsUI.framework; path = System/Library/Frameworks/IntentsUI.framework; sourceTree = SDKROOT; };
		12C691E4243C0DA3006B7111 /* IntentViewController.swift */ = {isa = PBXFileReference; lastKnownFileType = sourcecode.swift; path = IntentViewController.swift; sourceTree = "<group>"; };
		12C691E7243C0DA3006B7111 /* Base */ = {isa = PBXFileReference; lastKnownFileType = file.storyboard; name = Base; path = Base.lproj/MainInterface.storyboard; sourceTree = "<group>"; };
		12C691E9243C0DA3006B7111 /* Info.plist */ = {isa = PBXFileReference; lastKnownFileType = text.plist.xml; path = Info.plist; sourceTree = "<group>"; };
		12C691F7243C0DC4006B7111 /* Intents.intentdefinition */ = {isa = PBXFileReference; lastKnownFileType = file.intentdefinition; path = Intents.intentdefinition; sourceTree = "<group>"; };
/* End PBXFileReference section */

/* Begin PBXFrameworksBuildPhase section */
		12C691B7243C0D2E006B7111 /* Frameworks */ = {
			isa = PBXFrameworksBuildPhase;
			buildActionMask = 2147483647;
			files = (
			);
			runOnlyForDeploymentPostprocessing = 0;
		};
		12C691D3243C0DA3006B7111 /* Frameworks */ = {
			isa = PBXFrameworksBuildPhase;
			buildActionMask = 2147483647;
			files = (
			);
			runOnlyForDeploymentPostprocessing = 0;
		};
		12C691DC243C0DA3006B7111 /* Frameworks */ = {
			isa = PBXFrameworksBuildPhase;
			buildActionMask = 2147483647;
			files = (
				12C691E2243C0DA3006B7111 /* IntentsUI.framework in Frameworks */,
			);
			runOnlyForDeploymentPostprocessing = 0;
		};
/* End PBXFrameworksBuildPhase section */

/* Begin PBXGroup section */
		127E887E243D98B600C7395C /* Models */ = {
			isa = PBXGroup;
			children = (
				127E887F243D98D200C7395C /* Assignment.swift */,
				127E8881243D98D200C7395C /* Constants.swift */,
				127E8880243D98D200C7395C /* Course.swift */,
				127E889E243DB25600C7395C /* Grade.swift */,
			);
			path = Models;
			sourceTree = "<group>";
		};
		127E888B243D98DC00C7395C /* Networking */ = {
			isa = PBXGroup;
			children = (
				127E888C243D98F000C7395C /* Request.swift */,
			);
			path = Networking;
			sourceTree = "<group>";
		};
		127E88A2243E450B00C7395C /* Errors */ = {
			isa = PBXGroup;
			children = (
				127E88A3243E452B00C7395C /* Error.swift */,
			);
			path = Errors;
			sourceTree = "<group>";
		};
		12C691B1243C0D2E006B7111 = {
			isa = PBXGroup;
			children = (
				12C691F7243C0DC4006B7111 /* Intents.intentdefinition */,
				12C691BC243C0D2E006B7111 /* CanvasShortcuts */,
				12C691D7243C0DA3006B7111 /* CanvasShortcutsExt */,
				12C691E3243C0DA3006B7111 /* CanvasShortcutsExtUI */,
				12C691E0243C0DA3006B7111 /* Frameworks */,
				12C691BB243C0D2E006B7111 /* Products */,
			);
			sourceTree = "<group>";
		};
		12C691BB243C0D2E006B7111 /* Products */ = {
			isa = PBXGroup;
			children = (
				12C691BA243C0D2E006B7111 /* CanvasShortcuts.app */,
				12C691D6243C0DA3006B7111 /* CanvasShortcutsExt.appex */,
				12C691DF243C0DA3006B7111 /* CanvasShortcutsExtUI.appex */,
			);
			name = Products;
			sourceTree = "<group>";
		};
		12C691BC243C0D2E006B7111 /* CanvasShortcuts */ = {
			isa = PBXGroup;
			children = (
				127E88A2243E450B00C7395C /* Errors */,
				127E888B243D98DC00C7395C /* Networking */,
				127E887E243D98B600C7395C /* Models */,
				12C691D1243C0D4C006B7111 /* CanvasShortcuts.entitlements */,
				12C691BD243C0D2E006B7111 /* AppDelegate.swift */,
				12C691BF243C0D2E006B7111 /* SceneDelegate.swift */,
				12C691C1243C0D2E006B7111 /* ViewController.swift */,
				12C691C3243C0D2E006B7111 /* Main.storyboard */,
				12C691C6243C0D34006B7111 /* Assets.xcassets */,
				12C691C8243C0D34006B7111 /* LaunchScreen.storyboard */,
				12C691CB243C0D34006B7111 /* Info.plist */,
			);
			path = CanvasShortcuts;
			sourceTree = "<group>";
		};
		12C691D7243C0DA3006B7111 /* CanvasShortcutsExt */ = {
			isa = PBXGroup;
			children = (
				127E8890243D9C0900C7395C /* CanvasShortcutsExt.entitlements */,
				12C691D8243C0DA3006B7111 /* IntentHandler.swift */,
				12C691DA243C0DA3006B7111 /* Info.plist */,
				127E8892243DAA1500C7395C /* GetCoursesIntentHandler.swift */,
				127E8896243DAA2400C7395C /* GetAssignmentsIntentHandler.swift */,
				127E889A243DB0DB00C7395C /* GetGradeIntentHandler.swift */,
			);
			path = CanvasShortcutsExt;
			sourceTree = "<group>";
		};
		12C691E0243C0DA3006B7111 /* Frameworks */ = {
			isa = PBXGroup;
			children = (
				12C691E1243C0DA3006B7111 /* IntentsUI.framework */,
			);
			name = Frameworks;
			sourceTree = "<group>";
		};
		12C691E3243C0DA3006B7111 /* CanvasShortcutsExtUI */ = {
			isa = PBXGroup;
			children = (
				127E8891243D9C0D00C7395C /* CanvasShortcutsExtUI.entitlements */,
				12C691E4243C0DA3006B7111 /* IntentViewController.swift */,
				12C691E6243C0DA3006B7111 /* MainInterface.storyboard */,
				12C691E9243C0DA3006B7111 /* Info.plist */,
				127E88A7243E592900C7395C /* GradeView.swift */,
				127E88AB243E5E9A00C7395C /* AssignmentsView.swift */,
				127E88AF243E648C00C7395C /* AssignmentView.swift */,
				127E88B3243E674000C7395C /* TableData.swift */,
				127E88B7243E853600C7395C /* AssignmentTable.swift */,
			);
			path = CanvasShortcutsExtUI;
			sourceTree = "<group>";
		};
/* End PBXGroup section */

/* Begin PBXNativeTarget section */
		12C691B9243C0D2E006B7111 /* CanvasShortcuts */ = {
			isa = PBXNativeTarget;
			buildConfigurationList = 12C691CE243C0D34006B7111 /* Build configuration list for PBXNativeTarget "CanvasShortcuts" */;
			buildPhases = (
				12C691B6243C0D2E006B7111 /* Sources */,
				12C691B7243C0D2E006B7111 /* Frameworks */,
				12C691B8243C0D2E006B7111 /* Resources */,
				12C691F6243C0DA3006B7111 /* Embed App Extensions */,
			);
			buildRules = (
			);
			dependencies = (
				12C691EB243C0DA3006B7111 /* PBXTargetDependency */,
				12C691EE243C0DA3006B7111 /* PBXTargetDependency */,
			);
			name = CanvasShortcuts;
			productName = CanvasShortcuts;
			productReference = 12C691BA243C0D2E006B7111 /* CanvasShortcuts.app */;
			productType = "com.apple.product-type.application";
		};
		12C691D5243C0DA3006B7111 /* CanvasShortcutsExt */ = {
			isa = PBXNativeTarget;
			buildConfigurationList = 12C691F3243C0DA3006B7111 /* Build configuration list for PBXNativeTarget "CanvasShortcutsExt" */;
			buildPhases = (
				12C691D2243C0DA3006B7111 /* Sources */,
				12C691D3243C0DA3006B7111 /* Frameworks */,
				12C691D4243C0DA3006B7111 /* Resources */,
			);
			buildRules = (
			);
			dependencies = (
			);
			name = CanvasShortcutsExt;
			productName = CanvasShortcutsExt;
			productReference = 12C691D6243C0DA3006B7111 /* CanvasShortcutsExt.appex */;
			productType = "com.apple.product-type.app-extension";
		};
		12C691DE243C0DA3006B7111 /* CanvasShortcutsExtUI */ = {
			isa = PBXNativeTarget;
			buildConfigurationList = 12C691F0243C0DA3006B7111 /* Build configuration list for PBXNativeTarget "CanvasShortcutsExtUI" */;
			buildPhases = (
				12C691DB243C0DA3006B7111 /* Sources */,
				12C691DC243C0DA3006B7111 /* Frameworks */,
				12C691DD243C0DA3006B7111 /* Resources */,
			);
			buildRules = (
			);
			dependencies = (
			);
			name = CanvasShortcutsExtUI;
			productName = CanvasShortcutsExtUI;
			productReference = 12C691DF243C0DA3006B7111 /* CanvasShortcutsExtUI.appex */;
			productType = "com.apple.product-type.app-extension";
		};
/* End PBXNativeTarget section */

/* Begin PBXProject section */
		12C691B2243C0D2E006B7111 /* Project object */ = {
			isa = PBXProject;
			attributes = {
				LastSwiftUpdateCheck = 1140;
				LastUpgradeCheck = 1140;
				ORGANIZATIONNAME = "Cory Swainston";
				TargetAttributes = {
					12C691B9243C0D2E006B7111 = {
						CreatedOnToolsVersion = 11.4;
					};
					12C691D5243C0DA3006B7111 = {
						CreatedOnToolsVersion = 11.4;
					};
					12C691DE243C0DA3006B7111 = {
						CreatedOnToolsVersion = 11.4;
					};
				};
			};
			buildConfigurationList = 12C691B5243C0D2E006B7111 /* Build configuration list for PBXProject "CanvasShortcuts" */;
			compatibilityVersion = "Xcode 9.3";
			developmentRegion = en;
			hasScannedForEncodings = 0;
			knownRegions = (
				en,
				Base,
			);
			mainGroup = 12C691B1243C0D2E006B7111;
			productRefGroup = 12C691BB243C0D2E006B7111 /* Products */;
			projectDirPath = "";
			projectRoot = "";
			targets = (
				12C691B9243C0D2E006B7111 /* CanvasShortcuts */,
				12C691D5243C0DA3006B7111 /* CanvasShortcutsExt */,
				12C691DE243C0DA3006B7111 /* CanvasShortcutsExtUI */,
			);
		};
/* End PBXProject section */

/* Begin PBXResourcesBuildPhase section */
		12C691B8243C0D2E006B7111 /* Resources */ = {
			isa = PBXResourcesBuildPhase;
			buildActionMask = 2147483647;
			files = (
				12C691CA243C0D34006B7111 /* LaunchScreen.storyboard in Resources */,
				12C691C7243C0D34006B7111 /* Assets.xcassets in Resources */,
				12C691C5243C0D2E006B7111 /* Main.storyboard in Resources */,
			);
			runOnlyForDeploymentPostprocessing = 0;
		};
		12C691D4243C0DA3006B7111 /* Resources */ = {
			isa = PBXResourcesBuildPhase;
			buildActionMask = 2147483647;
			files = (
			);
			runOnlyForDeploymentPostprocessing = 0;
		};
		12C691DD243C0DA3006B7111 /* Resources */ = {
			isa = PBXResourcesBuildPhase;
			buildActionMask = 2147483647;
			files = (
				12C691E8243C0DA3006B7111 /* MainInterface.storyboard in Resources */,
			);
			runOnlyForDeploymentPostprocessing = 0;
		};
/* End PBXResourcesBuildPhase section */

/* Begin PBXSourcesBuildPhase section */
		12C691B6243C0D2E006B7111 /* Sources */ = {
			isa = PBXSourcesBuildPhase;
			buildActionMask = 2147483647;
			files = (
				127E8885243D98D200C7395C /* Course.swift in Sources */,
				127E888D243D98F000C7395C /* Request.swift in Sources */,
				127E8897243DAA2400C7395C /* GetAssignmentsIntentHandler.swift in Sources */,
				127E88B0243E648C00C7395C /* AssignmentView.swift in Sources */,
				127E88A4243E452B00C7395C /* Error.swift in Sources */,
				12C691C2243C0D2E006B7111 /* ViewController.swift in Sources */,
				12C691BE243C0D2E006B7111 /* AppDelegate.swift in Sources */,
				127E88A8243E592900C7395C /* GradeView.swift in Sources */,
				127E88AC243E5E9A00C7395C /* AssignmentsView.swift in Sources */,
				127E889F243DB25600C7395C /* Grade.swift in Sources */,
				12C691F8243C0DC4006B7111 /* Intents.intentdefinition in Sources */,
				127E88B4243E674000C7395C /* TableData.swift in Sources */,
				127E8888243D98D200C7395C /* Constants.swift in Sources */,
				127E88B8243E853700C7395C /* AssignmentTable.swift in Sources */,
				127E8882243D98D200C7395C /* Assignment.swift in Sources */,
				127E8893243DAA1500C7395C /* GetCoursesIntentHandler.swift in Sources */,
				127E889B243DB0DB00C7395C /* GetGradeIntentHandler.swift in Sources */,
				12C691C0243C0D2E006B7111 /* SceneDelegate.swift in Sources */,
			);
			runOnlyForDeploymentPostprocessing = 0;
		};
		12C691D2243C0DA3006B7111 /* Sources */ = {
			isa = PBXSourcesBuildPhase;
			buildActionMask = 2147483647;
			files = (
				127E8898243DAA2400C7395C /* GetAssignmentsIntentHandler.swift in Sources */,
				127E88B9243E853700C7395C /* AssignmentTable.swift in Sources */,
				127E8889243D98D200C7395C /* Constants.swift in Sources */,
				127E88AD243E5E9A00C7395C /* AssignmentsView.swift in Sources */,
				127E88B1243E648C00C7395C /* AssignmentView.swift in Sources */,
				127E8894243DAA1500C7395C /* GetCoursesIntentHandler.swift in Sources */,
				127E88A5243E452B00C7395C /* Error.swift in Sources */,
				127E88A0243DB25600C7395C /* Grade.swift in Sources */,
				127E888E243D98F000C7395C /* Request.swift in Sources */,
				127E8886243D98D200C7395C /* Course.swift in Sources */,
				127E8883243D98D200C7395C /* Assignment.swift in Sources */,
				127E88A9243E592900C7395C /* GradeView.swift in Sources */,
				127E889C243DB0DB00C7395C /* GetGradeIntentHandler.swift in Sources */,
				12C691F9243C0DC4006B7111 /* Intents.intentdefinition in Sources */,
				12C691D9243C0DA3006B7111 /* IntentHandler.swift in Sources */,
				127E88B5243E674000C7395C /* TableData.swift in Sources */,
			);
			runOnlyForDeploymentPostprocessing = 0;
		};
		12C691DB243C0DA3006B7111 /* Sources */ = {
			isa = PBXSourcesBuildPhase;
			buildActionMask = 2147483647;
			files = (
				127E8899243DAA2400C7395C /* GetAssignmentsIntentHandler.swift in Sources */,
				127E88BA243E853700C7395C /* AssignmentTable.swift in Sources */,
				127E888A243D98D200C7395C /* Constants.swift in Sources */,
				127E88AE243E5E9A00C7395C /* AssignmentsView.swift in Sources */,
				127E88B2243E648C00C7395C /* AssignmentView.swift in Sources */,
				127E8895243DAA1500C7395C /* GetCoursesIntentHandler.swift in Sources */,
				127E88A6243E452B00C7395C /* Error.swift in Sources */,
				127E88A1243DB25600C7395C /* Grade.swift in Sources */,
				127E888F243D98F000C7395C /* Request.swift in Sources */,
				127E8887243D98D200C7395C /* Course.swift in Sources */,
				127E8884243D98D200C7395C /* Assignment.swift in Sources */,
				127E88AA243E592900C7395C /* GradeView.swift in Sources */,
				127E889D243DB0DB00C7395C /* GetGradeIntentHandler.swift in Sources */,
				12C691FA243C0DC4006B7111 /* Intents.intentdefinition in Sources */,
				12C691E5243C0DA3006B7111 /* IntentViewController.swift in Sources */,
				127E88B6243E674000C7395C /* TableData.swift in Sources */,
			);
			runOnlyForDeploymentPostprocessing = 0;
		};
/* End PBXSourcesBuildPhase section */

/* Begin PBXTargetDependency section */
		12C691EB243C0DA3006B7111 /* PBXTargetDependency */ = {
			isa = PBXTargetDependency;
			target = 12C691DE243C0DA3006B7111 /* CanvasShortcutsExtUI */;
			targetProxy = 12C691EA243C0DA3006B7111 /* PBXContainerItemProxy */;
		};
		12C691EE243C0DA3006B7111 /* PBXTargetDependency */ = {
			isa = PBXTargetDependency;
			target = 12C691D5243C0DA3006B7111 /* CanvasShortcutsExt */;
			targetProxy = 12C691ED243C0DA3006B7111 /* PBXContainerItemProxy */;
		};
/* End PBXTargetDependency section */

/* Begin PBXVariantGroup section */
		12C691C3243C0D2E006B7111 /* Main.storyboard */ = {
			isa = PBXVariantGroup;
			children = (
				12C691C4243C0D2E006B7111 /* Base */,
			);
			name = Main.storyboard;
			sourceTree = "<group>";
		};
		12C691C8243C0D34006B7111 /* LaunchScreen.storyboard */ = {
			isa = PBXVariantGroup;
			children = (
				12C691C9243C0D34006B7111 /* Base */,
			);
			name = LaunchScreen.storyboard;
			sourceTree = "<group>";
		};
		12C691E6243C0DA3006B7111 /* MainInterface.storyboard */ = {
			isa = PBXVariantGroup;
			children = (
				12C691E7243C0DA3006B7111 /* Base */,
			);
			name = MainInterface.storyboard;
			sourceTree = "<group>";
		};
/* End PBXVariantGroup section */

/* Begin XCBuildConfiguration section */
		12C691CC243C0D34006B7111 /* Debug */ = {
			isa = XCBuildConfiguration;
			buildSettings = {
				ALWAYS_SEARCH_USER_PATHS = NO;
				CLANG_ANALYZER_NONNULL = YES;
				CLANG_ANALYZER_NUMBER_OBJECT_CONVERSION = YES_AGGRESSIVE;
				CLANG_CXX_LANGUAGE_STANDARD = "gnu++14";
				CLANG_CXX_LIBRARY = "libc++";
				CLANG_ENABLE_MODULES = YES;
				CLANG_ENABLE_OBJC_ARC = YES;
				CLANG_ENABLE_OBJC_WEAK = YES;
				CLANG_WARN_BLOCK_CAPTURE_AUTORELEASING = YES;
				CLANG_WARN_BOOL_CONVERSION = YES;
				CLANG_WARN_COMMA = YES;
				CLANG_WARN_CONSTANT_CONVERSION = YES;
				CLANG_WARN_DEPRECATED_OBJC_IMPLEMENTATIONS = YES;
				CLANG_WARN_DIRECT_OBJC_ISA_USAGE = YES_ERROR;
				CLANG_WARN_DOCUMENTATION_COMMENTS = YES;
				CLANG_WARN_EMPTY_BODY = YES;
				CLANG_WARN_ENUM_CONVERSION = YES;
				CLANG_WARN_INFINITE_RECURSION = YES;
				CLANG_WARN_INT_CONVERSION = YES;
				CLANG_WARN_NON_LITERAL_NULL_CONVERSION = YES;
				CLANG_WARN_OBJC_IMPLICIT_RETAIN_SELF = YES;
				CLANG_WARN_OBJC_LITERAL_CONVERSION = YES;
				CLANG_WARN_OBJC_ROOT_CLASS = YES_ERROR;
				CLANG_WARN_RANGE_LOOP_ANALYSIS = YES;
				CLANG_WARN_STRICT_PROTOTYPES = YES;
				CLANG_WARN_SUSPICIOUS_MOVE = YES;
				CLANG_WARN_UNGUARDED_AVAILABILITY = YES_AGGRESSIVE;
				CLANG_WARN_UNREACHABLE_CODE = YES;
				CLANG_WARN__DUPLICATE_METHOD_MATCH = YES;
				COPY_PHASE_STRIP = NO;
				DEBUG_INFORMATION_FORMAT = dwarf;
				ENABLE_STRICT_OBJC_MSGSEND = YES;
				ENABLE_TESTABILITY = YES;
				GCC_C_LANGUAGE_STANDARD = gnu11;
				GCC_DYNAMIC_NO_PIC = NO;
				GCC_NO_COMMON_BLOCKS = YES;
				GCC_OPTIMIZATION_LEVEL = 0;
				GCC_PREPROCESSOR_DEFINITIONS = (
					"DEBUG=1",
					"$(inherited)",
				);
				GCC_WARN_64_TO_32_BIT_CONVERSION = YES;
				GCC_WARN_ABOUT_RETURN_TYPE = YES_ERROR;
				GCC_WARN_UNDECLARED_SELECTOR = YES;
				GCC_WARN_UNINITIALIZED_AUTOS = YES_AGGRESSIVE;
				GCC_WARN_UNUSED_FUNCTION = YES;
				GCC_WARN_UNUSED_VARIABLE = YES;
				IPHONEOS_DEPLOYMENT_TARGET = 13.4;
				MTL_ENABLE_DEBUG_INFO = INCLUDE_SOURCE;
				MTL_FAST_MATH = YES;
				ONLY_ACTIVE_ARCH = YES;
				SDKROOT = iphoneos;
				SWIFT_ACTIVE_COMPILATION_CONDITIONS = DEBUG;
				SWIFT_OPTIMIZATION_LEVEL = "-Onone";
			};
			name = Debug;
		};
		12C691CD243C0D34006B7111 /* Release */ = {
			isa = XCBuildConfiguration;
			buildSettings = {
				ALWAYS_SEARCH_USER_PATHS = NO;
				CLANG_ANALYZER_NONNULL = YES;
				CLANG_ANALYZER_NUMBER_OBJECT_CONVERSION = YES_AGGRESSIVE;
				CLANG_CXX_LANGUAGE_STANDARD = "gnu++14";
				CLANG_CXX_LIBRARY = "libc++";
				CLANG_ENABLE_MODULES = YES;
				CLANG_ENABLE_OBJC_ARC = YES;
				CLANG_ENABLE_OBJC_WEAK = YES;
				CLANG_WARN_BLOCK_CAPTURE_AUTORELEASING = YES;
				CLANG_WARN_BOOL_CONVERSION = YES;
				CLANG_WARN_COMMA = YES;
				CLANG_WARN_CONSTANT_CONVERSION = YES;
				CLANG_WARN_DEPRECATED_OBJC_IMPLEMENTATIONS = YES;
				CLANG_WARN_DIRECT_OBJC_ISA_USAGE = YES_ERROR;
				CLANG_WARN_DOCUMENTATION_COMMENTS = YES;
				CLANG_WARN_EMPTY_BODY = YES;
				CLANG_WARN_ENUM_CONVERSION = YES;
				CLANG_WARN_INFINITE_RECURSION = YES;
				CLANG_WARN_INT_CONVERSION = YES;
				CLANG_WARN_NON_LITERAL_NULL_CONVERSION = YES;
				CLANG_WARN_OBJC_IMPLICIT_RETAIN_SELF = YES;
				CLANG_WARN_OBJC_LITERAL_CONVERSION = YES;
				CLANG_WARN_OBJC_ROOT_CLASS = YES_ERROR;
				CLANG_WARN_RANGE_LOOP_ANALYSIS = YES;
				CLANG_WARN_STRICT_PROTOTYPES = YES;
				CLANG_WARN_SUSPICIOUS_MOVE = YES;
				CLANG_WARN_UNGUARDED_AVAILABILITY = YES_AGGRESSIVE;
				CLANG_WARN_UNREACHABLE_CODE = YES;
				CLANG_WARN__DUPLICATE_METHOD_MATCH = YES;
				COPY_PHASE_STRIP = NO;
				DEBUG_INFORMATION_FORMAT = "dwarf-with-dsym";
				ENABLE_NS_ASSERTIONS = NO;
				ENABLE_STRICT_OBJC_MSGSEND = YES;
				GCC_C_LANGUAGE_STANDARD = gnu11;
				GCC_NO_COMMON_BLOCKS = YES;
				GCC_WARN_64_TO_32_BIT_CONVERSION = YES;
				GCC_WARN_ABOUT_RETURN_TYPE = YES_ERROR;
				GCC_WARN_UNDECLARED_SELECTOR = YES;
				GCC_WARN_UNINITIALIZED_AUTOS = YES_AGGRESSIVE;
				GCC_WARN_UNUSED_FUNCTION = YES;
				GCC_WARN_UNUSED_VARIABLE = YES;
				IPHONEOS_DEPLOYMENT_TARGET = 13.4;
				MTL_ENABLE_DEBUG_INFO = NO;
				MTL_FAST_MATH = YES;
				SDKROOT = iphoneos;
				SWIFT_COMPILATION_MODE = wholemodule;
				SWIFT_OPTIMIZATION_LEVEL = "-O";
				VALIDATE_PRODUCT = YES;
			};
			name = Release;
		};
		12C691CF243C0D34006B7111 /* Debug */ = {
			isa = XCBuildConfiguration;
			buildSettings = {
				ALWAYS_EMBED_SWIFT_STANDARD_LIBRARIES = YES;
				ASSETCATALOG_COMPILER_APPICON_NAME = AppIcon;
				CODE_SIGN_ENTITLEMENTS = CanvasShortcuts/CanvasShortcuts.entitlements;
				CODE_SIGN_STYLE = Automatic;
				DEVELOPMENT_TEAM = 3HT4LD5B53;
				INFOPLIST_FILE = CanvasShortcuts/Info.plist;
				INTENTS_CODEGEN_LANGUAGE = Swift;
				LD_RUNPATH_SEARCH_PATHS = (
					"$(inherited)",
					"@executable_path/Frameworks",
				);
				PRODUCT_BUNDLE_IDENTIFIER = coryswainston.CanvasShortcuts;
				PRODUCT_NAME = "$(TARGET_NAME)";
				SWIFT_VERSION = 5.0;
				TARGETED_DEVICE_FAMILY = "1,2";
			};
			name = Debug;
		};
		12C691D0243C0D34006B7111 /* Release */ = {
			isa = XCBuildConfiguration;
			buildSettings = {
				ALWAYS_EMBED_SWIFT_STANDARD_LIBRARIES = YES;
				ASSETCATALOG_COMPILER_APPICON_NAME = AppIcon;
				CODE_SIGN_ENTITLEMENTS = CanvasShortcuts/CanvasShortcuts.entitlements;
				CODE_SIGN_STYLE = Automatic;
				DEVELOPMENT_TEAM = 3HT4LD5B53;
				INFOPLIST_FILE = CanvasShortcuts/Info.plist;
				INTENTS_CODEGEN_LANGUAGE = Swift;
				LD_RUNPATH_SEARCH_PATHS = (
					"$(inherited)",
					"@executable_path/Frameworks",
				);
				PRODUCT_BUNDLE_IDENTIFIER = coryswainston.CanvasShortcuts;
				PRODUCT_NAME = "$(TARGET_NAME)";
				SWIFT_VERSION = 5.0;
				TARGETED_DEVICE_FAMILY = "1,2";
			};
			name = Release;
		};
		12C691F1243C0DA3006B7111 /* Debug */ = {
			isa = XCBuildConfiguration;
			buildSettings = {
				CODE_SIGN_ENTITLEMENTS = CanvasShortcutsExtUI/CanvasShortcutsExtUI.entitlements;
				CODE_SIGN_STYLE = Automatic;
				DEVELOPMENT_TEAM = 3HT4LD5B53;
				INFOPLIST_FILE = CanvasShortcutsExtUI/Info.plist;
				LD_RUNPATH_SEARCH_PATHS = (
					"$(inherited)",
					"@executable_path/Frameworks",
					"@executable_path/../../Frameworks",
				);
				PRODUCT_BUNDLE_IDENTIFIER = coryswainston.CanvasShortcuts.CanvasShortcutsExtUI;
				PRODUCT_NAME = "$(TARGET_NAME)";
				SKIP_INSTALL = YES;
				SWIFT_VERSION = 5.0;
				TARGETED_DEVICE_FAMILY = "1,2";
			};
			name = Debug;
		};
		12C691F2243C0DA3006B7111 /* Release */ = {
			isa = XCBuildConfiguration;
			buildSettings = {
				CODE_SIGN_ENTITLEMENTS = CanvasShortcutsExtUI/CanvasShortcutsExtUI.entitlements;
				CODE_SIGN_STYLE = Automatic;
				DEVELOPMENT_TEAM = 3HT4LD5B53;
				INFOPLIST_FILE = CanvasShortcutsExtUI/Info.plist;
				LD_RUNPATH_SEARCH_PATHS = (
					"$(inherited)",
					"@executable_path/Frameworks",
					"@executable_path/../../Frameworks",
				);
				PRODUCT_BUNDLE_IDENTIFIER = coryswainston.CanvasShortcuts.CanvasShortcutsExtUI;
				PRODUCT_NAME = "$(TARGET_NAME)";
				SKIP_INSTALL = YES;
				SWIFT_VERSION = 5.0;
				TARGETED_DEVICE_FAMILY = "1,2";
			};
			name = Release;
		};
		12C691F4243C0DA3006B7111 /* Debug */ = {
			isa = XCBuildConfiguration;
			buildSettings = {
				CODE_SIGN_ENTITLEMENTS = CanvasShortcutsExt/CanvasShortcutsExt.entitlements;
				CODE_SIGN_STYLE = Automatic;
				DEVELOPMENT_TEAM = 3HT4LD5B53;
				INFOPLIST_FILE = CanvasShortcutsExt/Info.plist;
				LD_RUNPATH_SEARCH_PATHS = (
					"$(inherited)",
					"@executable_path/Frameworks",
					"@executable_path/../../Frameworks",
				);
				PRODUCT_BUNDLE_IDENTIFIER = coryswainston.CanvasShortcuts.CanvasShortcutsExt;
				PRODUCT_NAME = "$(TARGET_NAME)";
				SKIP_INSTALL = YES;
				SWIFT_VERSION = 5.0;
				TARGETED_DEVICE_FAMILY = "1,2";
			};
			name = Debug;
		};
		12C691F5243C0DA3006B7111 /* Release */ = {
			isa = XCBuildConfiguration;
			buildSettings = {
				CODE_SIGN_ENTITLEMENTS = CanvasShortcutsExt/CanvasShortcutsExt.entitlements;
				CODE_SIGN_STYLE = Automatic;
				DEVELOPMENT_TEAM = 3HT4LD5B53;
				INFOPLIST_FILE = CanvasShortcutsExt/Info.plist;
				LD_RUNPATH_SEARCH_PATHS = (
					"$(inherited)",
					"@executable_path/Frameworks",
					"@executable_path/../../Frameworks",
				);
				PRODUCT_BUNDLE_IDENTIFIER = coryswainston.CanvasShortcuts.CanvasShortcutsExt;
				PRODUCT_NAME = "$(TARGET_NAME)";
				SKIP_INSTALL = YES;
				SWIFT_VERSION = 5.0;
				TARGETED_DEVICE_FAMILY = "1,2";
			};
			name = Release;
		};
/* End XCBuildConfiguration section */

/* Begin XCConfigurationList section */
		12C691B5243C0D2E006B7111 /* Build configuration list for PBXProject "CanvasShortcuts" */ = {
			isa = XCConfigurationList;
			buildConfigurations = (
				12C691CC243C0D34006B7111 /* Debug */,
				12C691CD243C0D34006B7111 /* Release */,
			);
			defaultConfigurationIsVisible = 0;
			defaultConfigurationName = Release;
		};
		12C691CE243C0D34006B7111 /* Build configuration list for PBXNativeTarget "CanvasShortcuts" */ = {
			isa = XCConfigurationList;
			buildConfigurations = (
				12C691CF243C0D34006B7111 /* Debug */,
				12C691D0243C0D34006B7111 /* Release */,
			);
			defaultConfigurationIsVisible = 0;
			defaultConfigurationName = Release;
		};
		12C691F0243C0DA3006B7111 /* Build configuration list for PBXNativeTarget "CanvasShortcutsExtUI" */ = {
			isa = XCConfigurationList;
			buildConfigurations = (
				12C691F1243C0DA3006B7111 /* Debug */,
				12C691F2243C0DA3006B7111 /* Release */,
			);
			defaultConfigurationIsVisible = 0;
			defaultConfigurationName = Release;
		};
		12C691F3243C0DA3006B7111 /* Build configuration list for PBXNativeTarget "CanvasShortcutsExt" */ = {
			isa = XCConfigurationList;
			buildConfigurations = (
				12C691F4243C0DA3006B7111 /* Debug */,
				12C691F5243C0DA3006B7111 /* Release */,
			);
			defaultConfigurationIsVisible = 0;
			defaultConfigurationName = Release;
		};
/* End XCConfigurationList section */
	};
	rootObject = 12C691B2243C0D2E006B7111 /* Project object */;
}
